
Microsoft Visual Studio Solution File, Format Version 12.00
# Visual Studio Version 16
VisualStudioVersion = 16.0.29519.181
MinimumVisualStudioVersion = 10.0.40219.1
Project("{FAE04EC0-301F-11D3-BF4B-00C04F79EFBC}") = "AWS.S3.Repository", "AWS.S3.Repository\AWS.S3.Repository.csproj", "{22D33150-D5CE-424A-B4B4-7A633E4D025A}"
EndProject
Global
	GlobalSection(SolutionConfigurationPlatforms) = preSolution
		Debug|Any CPU = Debug|Any CPU
		Release|Any CPU = Release|Any CPU
	EndGlobalSection
	GlobalSection(ProjectConfigurationPlatforms) = postSolution
		{22D33150-D5CE-424A-B4B4-7A633E4D025A}.Debug|Any CPU.ActiveCfg = Debug|Any CPU
		{22D33150-D5CE-424A-B4B4-7A633E4D025A}.Debug|Any CPU.Build.0 = Debug|Any CPU
		{22D33150-D5CE-424A-B4B4-7A633E4D025A}.Release|Any CPU.ActiveCfg = Release|Any CPU
		{22D33150-D5CE-424A-B4B4-7A633E4D025A}.Release|Any CPU.Build.0 = Release|Any CPU
	EndGlobalSection
	GlobalSection(SolutionProperties) = preSolution
		HideSolutionNode = FALSE
	EndGlobalSection
	GlobalSection(ExtensibilityGlobals) = postSolution
		SolutionGuid = {BB29D253-4F4E-446D-9451-C7545672C7F5}
	EndGlobalSection
EndGlobal
